
Microsoft Visual Studio Solution File, Format Version 12.00
# Visual Studio 2012
Project("{FAE04EC0-301F-11D3-BF4B-00C04F79EFBC}") = "BrakelWeb", "BrakelWeb\BrakelWeb.csproj", "{2A6530D0-6324-478A-AF51-6B0D7630A1AE}"
EndProject
Global
	GlobalSection(SolutionConfigurationPlatforms) = preSolution
		Debug|Any CPU = Debug|Any CPU
		Release|Any CPU = Release|Any CPU
	EndGlobalSection
	GlobalSection(ProjectConfigurationPlatforms) = postSolution
		{2A6530D0-6324-478A-AF51-6B0D7630A1AE}.Debug|Any CPU.ActiveCfg = Debug|Any CPU
		{2A6530D0-6324-478A-AF51-6B0D7630A1AE}.Debug|Any CPU.Build.0 = Debug|Any CPU
		{2A6530D0-6324-478A-AF51-6B0D7630A1AE}.Release|Any CPU.ActiveCfg = Release|Any CPU
		{2A6530D0-6324-478A-AF51-6B0D7630A1AE}.Release|Any CPU.Build.0 = Release|Any CPU
	EndGlobalSection
	GlobalSection(SolutionProperties) = preSolution
		HideSolutionNode = FALSE
	EndGlobalSection
EndGlobal
